
Microsoft Visual Studio Solution File, Format Version 12.00
# Visual Studio Version 17
VisualStudioVersion = 17.9.34622.214
MinimumVisualStudioVersion = 10.0.40219.1
Project("{9A19103F-16F7-4668-BE54-9A1E7A4F7556}") = "CleanArchMVC.Domain", "CleanArchMVC.Domain\CleanArchMVC.Domain.csproj", "{5D0994A1-72D9-432C-B6DB-0A4E6FC931AF}"
EndProject
Project("{9A19103F-16F7-4668-BE54-9A1E7A4F7556}") = "CleanArchMVC.Application", "CleanArchMVC.Application\CleanArchMVC.Application.csproj", "{7A4CCC48-9578-4551-AD9A-DA352FCB1B7C}"
EndProject
Project("{9A19103F-16F7-4668-BE54-9A1E7A4F7556}") = "CleanArchMVC.Infra.Data", "CleanArchMVC.Infra.Data\CleanArchMVC.Infra.Data.csproj", "{DFE91D29-6A71-4938-921A-4A8A9E271F6E}"
EndProject
Project("{9A19103F-16F7-4668-BE54-9A1E7A4F7556}") = "CleanArchMVC.Infra.IoC", "CleanArchMVC.Infra.IoC\CleanArchMVC.Infra.IoC.csproj", "{4939D38F-205E-40D0-B015-5CB8B880025E}"
EndProject
Project("{9A19103F-16F7-4668-BE54-9A1E7A4F7556}") = "CleanArchMVC.WebUI", "CleanArchMVC.WebUI\CleanArchMVC.WebUI.csproj", "{7ACD5218-B89D-4C4F-993D-37D0AB80097D}"
EndProject
Project("{FAE04EC0-301F-11D3-BF4B-00C04F79EFBC}") = "CleanArchMVC.Domain.Tests", "CleanArchMVC.Domain.Tests\CleanArchMVC.Domain.Tests.csproj", "{22D03FEA-8BFA-4373-8609-5333171509AA}"
EndProject
Global
	GlobalSection(SolutionConfigurationPlatforms) = preSolution
		Debug|Any CPU = Debug|Any CPU
		Release|Any CPU = Release|Any CPU
	EndGlobalSection
	GlobalSection(ProjectConfigurationPlatforms) = postSolution
		{5D0994A1-72D9-432C-B6DB-0A4E6FC931AF}.Debug|Any CPU.ActiveCfg = Debug|Any CPU
		{5D0994A1-72D9-432C-B6DB-0A4E6FC931AF}.Debug|Any CPU.Build.0 = Debug|Any CPU
		{5D0994A1-72D9-432C-B6DB-0A4E6FC931AF}.Release|Any CPU.ActiveCfg = Release|Any CPU
		{5D0994A1-72D9-432C-B6DB-0A4E6FC931AF}.Release|Any CPU.Build.0 = Release|Any CPU
		{7A4CCC48-9578-4551-AD9A-DA352FCB1B7C}.Debug|Any CPU.ActiveCfg = Debug|Any CPU
		{7A4CCC48-9578-4551-AD9A-DA352FCB1B7C}.Debug|Any CPU.Build.0 = Debug|Any CPU
		{7A4CCC48-9578-4551-AD9A-DA352FCB1B7C}.Release|Any CPU.ActiveCfg = Release|Any CPU
		{7A4CCC48-9578-4551-AD9A-DA352FCB1B7C}.Release|Any CPU.Build.0 = Release|Any CPU
		{DFE91D29-6A71-4938-921A-4A8A9E271F6E}.Debug|Any CPU.ActiveCfg = Debug|Any CPU
		{DFE91D29-6A71-4938-921A-4A8A9E271F6E}.Debug|Any CPU.Build.0 = Debug|Any CPU
		{DFE91D29-6A71-4938-921A-4A8A9E271F6E}.Release|Any CPU.ActiveCfg = Release|Any CPU
		{DFE91D29-6A71-4938-921A-4A8A9E271F6E}.Release|Any CPU.Build.0 = Release|Any CPU
		{4939D38F-205E-40D0-B015-5CB8B880025E}.Debug|Any CPU.ActiveCfg = Debug|Any CPU
		{4939D38F-205E-40D0-B015-5CB8B880025E}.Debug|Any CPU.Build.0 = Debug|Any CPU
		{4939D38F-205E-40D0-B015-5CB8B880025E}.Release|Any CPU.ActiveCfg = Release|Any CPU
		{4939D38F-205E-40D0-B015-5CB8B880025E}.Release|Any CPU.Build.0 = Release|Any CPU
		{7ACD5218-B89D-4C4F-993D-37D0AB80097D}.Debug|Any CPU.ActiveCfg = Debug|Any CPU
		{7ACD5218-B89D-4C4F-993D-37D0AB80097D}.Debug|Any CPU.Build.0 = Debug|Any CPU
		{7ACD5218-B89D-4C4F-993D-37D0AB80097D}.Release|Any CPU.ActiveCfg = Release|Any CPU
		{7ACD5218-B89D-4C4F-993D-37D0AB80097D}.Release|Any CPU.Build.0 = Release|Any CPU
		{22D03FEA-8BFA-4373-8609-5333171509AA}.Debug|Any CPU.ActiveCfg = Debug|Any CPU
		{22D03FEA-8BFA-4373-8609-5333171509AA}.Debug|Any CPU.Build.0 = Debug|Any CPU
		{22D03FEA-8BFA-4373-8609-5333171509AA}.Release|Any CPU.ActiveCfg = Release|Any CPU
		{22D03FEA-8BFA-4373-8609-5333171509AA}.Release|Any CPU.Build.0 = Release|Any CPU
	EndGlobalSection
	GlobalSection(SolutionProperties) = preSolution
		HideSolutionNode = FALSE
	EndGlobalSection
	GlobalSection(ExtensibilityGlobals) = postSolution
		SolutionGuid = {AC1FF3A2-DD99-4366-A425-55F57B77E4B7}
	EndGlobalSection
EndGlobal
